
Microsoft Visual Studio Solution File, Format Version 12.00
# Visual Studio Version 17
VisualStudioVersion = 17.8.34330.188
MinimumVisualStudioVersion = 10.0.40219.1
Project("{FAE04EC0-301F-11D3-BF4B-00C04F79EFBC}") = "Workspace", "Workspace\Workspace.csproj", "{E24A44FA-86B2-48E9-AB69-1416BE4F7686}"
EndProject
Project("{2150E333-8FDC-42A3-9474-1A3956D46DE8}") = "Solution Items", "Solution Items", "{A58B03B9-B823-47F8-AD9B-767A8F5E86CA}"
	ProjectSection(SolutionItems) = preProject
		.editorconfig = .editorconfig
	EndProjectSection
EndProject
Project("{FAE04EC0-301F-11D3-BF4B-00C04F79EFBC}") = "Entities", "Entities\Entities.csproj", "{33EF8CD2-F895-4C13-AE8B-A745DEAF9FF5}"
EndProject
Project("{FAE04EC0-301F-11D3-BF4B-00C04F79EFBC}") = "Business", "Business\Business.csproj", "{C1641E7F-E0BA-49F4-A122-B71E9528D813}"
EndProject
Global
	GlobalSection(SolutionConfigurationPlatforms) = preSolution
		Debug|Any CPU = Debug|Any CPU
		Release|Any CPU = Release|Any CPU
	EndGlobalSection
	GlobalSection(ProjectConfigurationPlatforms) = postSolution
		{E24A44FA-86B2-48E9-AB69-1416BE4F7686}.Debug|Any CPU.ActiveCfg = Debug|Any CPU
		{E24A44FA-86B2-48E9-AB69-1416BE4F7686}.Debug|Any CPU.Build.0 = Debug|Any CPU
		{E24A44FA-86B2-48E9-AB69-1416BE4F7686}.Release|Any CPU.ActiveCfg = Release|Any CPU
		{E24A44FA-86B2-48E9-AB69-1416BE4F7686}.Release|Any CPU.Build.0 = Release|Any CPU
		{33EF8CD2-F895-4C13-AE8B-A745DEAF9FF5}.Debug|Any CPU.ActiveCfg = Debug|Any CPU
		{33EF8CD2-F895-4C13-AE8B-A745DEAF9FF5}.Debug|Any CPU.Build.0 = Debug|Any CPU
		{33EF8CD2-F895-4C13-AE8B-A745DEAF9FF5}.Release|Any CPU.ActiveCfg = Release|Any CPU
		{33EF8CD2-F895-4C13-AE8B-A745DEAF9FF5}.Release|Any CPU.Build.0 = Release|Any CPU
		{C1641E7F-E0BA-49F4-A122-B71E9528D813}.Debug|Any CPU.ActiveCfg = Debug|Any CPU
		{C1641E7F-E0BA-49F4-A122-B71E9528D813}.Debug|Any CPU.Build.0 = Debug|Any CPU
		{C1641E7F-E0BA-49F4-A122-B71E9528D813}.Release|Any CPU.ActiveCfg = Release|Any CPU
		{C1641E7F-E0BA-49F4-A122-B71E9528D813}.Release|Any CPU.Build.0 = Release|Any CPU
	EndGlobalSection
	GlobalSection(SolutionProperties) = preSolution
		HideSolutionNode = FALSE
	EndGlobalSection
	GlobalSection(ExtensibilityGlobals) = postSolution
		SolutionGuid = {B8C88058-DD2D-4CAB-A480-B74D9F54E298}
	EndGlobalSection
EndGlobal
